
Microsoft Visual Studio Solution File, Format Version 12.00
# Visual Studio Version 17
VisualStudioVersion = 17.11.35222.181
MinimumVisualStudioVersion = 10.0.40219.1
Project("{FAE04EC0-301F-11D3-BF4B-00C04F79EFBC}") = "kor", "kor\kor.csproj", "{EDA2DBE2-C00B-41A2-BFEF-0BFDFB0F5852}"
EndProject
Global
	GlobalSection(SolutionConfigurationPlatforms) = preSolution
		Debug|Any CPU = Debug|Any CPU
		Release|Any CPU = Release|Any CPU
	EndGlobalSection
	GlobalSection(ProjectConfigurationPlatforms) = postSolution
		{EDA2DBE2-C00B-41A2-BFEF-0BFDFB0F5852}.Debug|Any CPU.ActiveCfg = Debug|Any CPU
		{EDA2DBE2-C00B-41A2-BFEF-0BFDFB0F5852}.Debug|Any CPU.Build.0 = Debug|Any CPU
		{EDA2DBE2-C00B-41A2-BFEF-0BFDFB0F5852}.Release|Any CPU.ActiveCfg = Release|Any CPU
		{EDA2DBE2-C00B-41A2-BFEF-0BFDFB0F5852}.Release|Any CPU.Build.0 = Release|Any CPU
	EndGlobalSection
	GlobalSection(SolutionProperties) = preSolution
		HideSolutionNode = FALSE
	EndGlobalSection
	GlobalSection(ExtensibilityGlobals) = postSolution
		SolutionGuid = {CBF2FA45-0F79-4F4C-8CA8-DF0E9784B21A}
	EndGlobalSection
EndGlobal
